
Microsoft Visual Studio Solution File, Format Version 12.00
# Visual Studio Version 17
VisualStudioVersion = 17.7.34031.279
MinimumVisualStudioVersion = 10.0.40219.1
Project("{FAE04EC0-301F-11D3-BF4B-00C04F79EFBC}") = "ldap-investigation", "ldap-investigation\ldap-investigation.csproj", "{F7D1828E-3C39-4DF9-B7B4-89C84B68E3B0}"
EndProject
Global
	GlobalSection(SolutionConfigurationPlatforms) = preSolution
		Debug|Any CPU = Debug|Any CPU
		Release|Any CPU = Release|Any CPU
	EndGlobalSection
	GlobalSection(ProjectConfigurationPlatforms) = postSolution
		{F7D1828E-3C39-4DF9-B7B4-89C84B68E3B0}.Debug|Any CPU.ActiveCfg = Debug|Any CPU
		{F7D1828E-3C39-4DF9-B7B4-89C84B68E3B0}.Debug|Any CPU.Build.0 = Debug|Any CPU
		{F7D1828E-3C39-4DF9-B7B4-89C84B68E3B0}.Release|Any CPU.ActiveCfg = Release|Any CPU
		{F7D1828E-3C39-4DF9-B7B4-89C84B68E3B0}.Release|Any CPU.Build.0 = Release|Any CPU
	EndGlobalSection
	GlobalSection(SolutionProperties) = preSolution
		HideSolutionNode = FALSE
	EndGlobalSection
	GlobalSection(ExtensibilityGlobals) = postSolution
		SolutionGuid = {A1A37332-BCA7-4161-93DC-5B96623AFB14}
	EndGlobalSection
EndGlobal
